<?xml version="1.0"?>
<Project ToolsVersion="4.0" xmlns="http://schemas.microsoft.com/developer/msbuild/2003">
	<ItemGroup>
		<ClCompile Include="src\ofApp.cpp">
			<Filter>src</Filter>
		</ClCompile>
		<ClCompile Include="src\main.cpp">
			<Filter>src</Filter>
		</ClCompile>
		<ClCompile Include="src\Core\GameManager.cpp">
			<Filter>src\Core</Filter>
		</ClCompile>
		<ClCompile Include="src\Engine\Core\Component.cpp">
			<Filter>src\Engine\Core</Filter>
		</ClCompile>
		<ClCompile Include="src\Engine\Core\GameObject.cpp">
			<Filter>src\Engine\Core</Filter>
		</ClCompile>
		<ClCompile Include="src\Engine\Core\InputSystem.cpp">
			<Filter>src\Engine\Core</Filter>
		</ClCompile>
		<ClCompile Include="src\Engine\Core\Transform.cpp">
			<Filter>src\Engine\Core</Filter>
		</ClCompile>
		<ClCompile Include="src\Engine\Octree\Octree.cpp">
			<Filter>src\Engine\Octree</Filter>
		</ClCompile>
		<ClCompile Include="src\Engine\Octree\Util.cpp">
			<Filter>src\Engine\Octree</Filter>
		</ClCompile>
		<ClCompile Include="src\Engine\Octree\box.cc">
			<Filter>src\Engine\Octree</Filter>
		</ClCompile>
		<ClCompile Include="src\Engine\Octree\ofApp.cpp">
			<Filter>src\Engine\Octree</Filter>
		</ClCompile>
		<ClCompile Include="src\Engine\Scenes\Scene.cpp">
			<Filter>src\Engine\Scenes</Filter>
		</ClCompile>
		<ClCompile Include="src\Engine\Scenes\SceneManager.cpp">
			<Filter>src\Engine\Scenes</Filter>
		</ClCompile>
		<ClCompile Include="src\Engine\UserInterface\Elements\Button.cpp">
			<Filter>src\Engine\UserInterface\Elements</Filter>
		</ClCompile>
		<ClCompile Include="src\Engine\UserInterface\Elements\Label.cpp">
			<Filter>src\Engine\UserInterface\Elements</Filter>
		</ClCompile>
		<ClCompile Include="src\Engine\UserInterface\Elements\UiElement.cpp">
			<Filter>src\Engine\UserInterface\Elements</Filter>
		</ClCompile>
		<ClCompile Include="src\Engine\UserInterface\UserInterface.cpp">
			<Filter>src\Engine\UserInterface</Filter>
		</ClCompile>
		<ClCompile Include="src\Entities\Entity.cpp">
			<Filter>src\Entities</Filter>
		</ClCompile>
		<ClCompile Include="src\Entities\Forces.cpp">
			<Filter>src\Entities</Filter>
		</ClCompile>
		<ClCompile Include="src\Player\Player.cpp">
			<Filter>src\Player</Filter>
		</ClCompile>
		<ClCompile Include="src\Scenes\GameplayScene.cpp">
			<Filter>src\Scenes</Filter>
		</ClCompile>
		<ClCompile Include="src\Scenes\MainMenuScene.cpp">
			<Filter>src\Scenes</Filter>
		</ClCompile>
		<ClCompile Include="src\UI\MainMenuUI.cpp">
			<Filter>src\UI</Filter>
		</ClCompile>
		<ClCompile Include="src\UI\PauseMenuUI.cpp">
			<Filter>src\UI</Filter>
		</ClCompile>
		<ClCompile Include="src\main.cpp">
			<Filter>src</Filter>
		</ClCompile>
		<ClCompile Include="src\ofApp.cpp">
			<Filter>src</Filter>
		</ClCompile>
		<ClCompile Include="..\..\..\..\addons\ofxAssimpModelLoader\src\ofxAssimpAnimation.cpp">
			<Filter>addons\ofxAssimpModelLoader\src</Filter>
		</ClCompile>
		<ClCompile Include="..\..\..\..\addons\ofxAssimpModelLoader\src\ofxAssimpMeshHelper.cpp">
			<Filter>addons\ofxAssimpModelLoader\src</Filter>
		</ClCompile>
		<ClCompile Include="..\..\..\..\addons\ofxAssimpModelLoader\src\ofxAssimpModelLoader.cpp">
			<Filter>addons\ofxAssimpModelLoader\src</Filter>
		</ClCompile>
		<ClCompile Include="..\..\..\..\addons\ofxAssimpModelLoader\src\ofxAssimpTexture.cpp">
			<Filter>addons\ofxAssimpModelLoader\src</Filter>
		</ClCompile>
		<ClCompile Include="..\..\..\..\addons\ofxGui\src\ofxBaseGui.cpp">
			<Filter>addons\ofxGui\src</Filter>
		</ClCompile>
		<ClCompile Include="..\..\..\..\addons\ofxGui\src\ofxButton.cpp">
			<Filter>addons\ofxGui\src</Filter>
		</ClCompile>
		<ClCompile Include="..\..\..\..\addons\ofxGui\src\ofxColorPicker.cpp">
			<Filter>addons\ofxGui\src</Filter>
		</ClCompile>
		<ClCompile Include="..\..\..\..\addons\ofxGui\src\ofxGuiGroup.cpp">
			<Filter>addons\ofxGui\src</Filter>
		</ClCompile>
		<ClCompile Include="..\..\..\..\addons\ofxGui\src\ofxInputField.cpp">
			<Filter>addons\ofxGui\src</Filter>
		</ClCompile>
		<ClCompile Include="..\..\..\..\addons\ofxGui\src\ofxLabel.cpp">
			<Filter>addons\ofxGui\src</Filter>
		</ClCompile>
		<ClCompile Include="..\..\..\..\addons\ofxGui\src\ofxPanel.cpp">
			<Filter>addons\ofxGui\src</Filter>
		</ClCompile>
		<ClCompile Include="..\..\..\..\addons\ofxGui\src\ofxSlider.cpp">
			<Filter>addons\ofxGui\src</Filter>
		</ClCompile>
		<ClCompile Include="..\..\..\..\addons\ofxGui\src\ofxSliderGroup.cpp">
			<Filter>addons\ofxGui\src</Filter>
		</ClCompile>
		<ClCompile Include="..\..\..\..\addons\ofxGui\src\ofxToggle.cpp">
			<Filter>addons\ofxGui\src</Filter>
		</ClCompile>
	</ItemGroup>
	<ItemGroup>
		<Filter Include="src">
			<UniqueIdentifier>{d8376475-7454-4a24-b08a-aac121d3ad6f}</UniqueIdentifier>
		</Filter>
		<Filter Include="src\Core">
			<UniqueIdentifier>{C5CCDCC2--928-4-4D-A8-8-677-8A0FE203228B}</UniqueIdentifier>
		</Filter>
		<Filter Include="src\Engine">
			<UniqueIdentifier>{B78D5EB8--582-E-44-DD-B-3CA-8D594D578355}</UniqueIdentifier>
		</Filter>
		<Filter Include="src\Engine\Core">
			<UniqueIdentifier>{D6C153D4--C0C-C-41-C8-9-F8D-7D800429884B}</UniqueIdentifier>
		</Filter>
		<Filter Include="src\Engine\Octree">
			<UniqueIdentifier>{FB8A845B--D66-F-45-CB-B-EA6-0381D2693FA6}</UniqueIdentifier>
		</Filter>
		<Filter Include="src\Engine\Scenes">
			<UniqueIdentifier>{D8494ED8--BA1-C-46-AC-B-757-0E6492B90072}</UniqueIdentifier>
		</Filter>
		<Filter Include="src\Engine\UserInterface">
			<UniqueIdentifier>{C907EEFB--AC5-E-42-C3-B-8E1-9D8AFAF9DAC5}</UniqueIdentifier>
		</Filter>
		<Filter Include="src\Engine\UserInterface\Elements">
			<UniqueIdentifier>{FD0094BB--993-E-47-3A-9-289-26077CB64FBA}</UniqueIdentifier>
		</Filter>
		<Filter Include="src\Entities">
			<UniqueIdentifier>{B678E9EB--1C0-4-4A-3D-B-E20-3BDDEA9EC559}</UniqueIdentifier>
		</Filter>
		<Filter Include="src\Player">
			<UniqueIdentifier>{980F6BA1--C93-8-4F-94-B-D77-7445D4B39D45}</UniqueIdentifier>
		</Filter>
		<Filter Include="src\Scenes">
			<UniqueIdentifier>{ED8F7F77--394-7-43-A7-B-1D2-D0499C38A580}</UniqueIdentifier>
		</Filter>
		<Filter Include="src\UI">
			<UniqueIdentifier>{B8A51BB6--F7D-9-46-71-8-A14-1460532359A0}</UniqueIdentifier>
		</Filter>
		<Filter Include="addons">
			<UniqueIdentifier>{9BC380DA--EA1-6-4C-E9-A-D65-460D44B9E3F6}</UniqueIdentifier>
		</Filter>
		<Filter Include="addons\ofxAssimpModelLoader">
			<UniqueIdentifier>{765C85AD--A43-E-49-A5-9-189-126D7575BCB0}</UniqueIdentifier>
		</Filter>
		<Filter Include="addons\ofxAssimpModelLoader\src">
			<UniqueIdentifier>{0C6B9E9A--277-5-4B-B7-B-BC4-CE8787FD6B70}</UniqueIdentifier>
		</Filter>
		<Filter Include="addons\ofxAssimpModelLoader\libs">
			<UniqueIdentifier>{DC567DE0--5DB-6-4F-23-8-426-E3E142F4B84B}</UniqueIdentifier>
		</Filter>
		<Filter Include="addons\ofxAssimpModelLoader\libs\assimp">
			<UniqueIdentifier>{DE65D616--D7D-9-4B-3A-A-B62-96DAB98990B5}</UniqueIdentifier>
		</Filter>
		<Filter Include="addons\ofxAssimpModelLoader\libs\assimp\include">
			<UniqueIdentifier>{799ADB52--85D-0-4F-31-9-2F1-6CB1F64F1413}</UniqueIdentifier>
		</Filter>
		<Filter Include="addons\ofxAssimpModelLoader\libs\assimp\include\assimp">
			<UniqueIdentifier>{2BDA9AAD--1A2-6-4B-4F-B-F7A-18E10E3CBA1B}</UniqueIdentifier>
		</Filter>
		<Filter Include="addons\ofxAssimpModelLoader\libs\assimp\include\assimp\Compiler">
			<UniqueIdentifier>{C5520476--17B-9-40-EE-8-E2C-09893146CC19}</UniqueIdentifier>
		</Filter>
		<Filter Include="addons\ofxAssimpModelLoader\libs\assimp\include\assimp\port">
			<UniqueIdentifier>{20DE9B38--A00-0-4A-88-B-855-808CD0A652B7}</UniqueIdentifier>
		</Filter>
		<Filter Include="addons\ofxAssimpModelLoader\libs\assimp\include\assimp\port\AndroidJNI">
			<UniqueIdentifier>{D650D7BD--715-6-46-21-B-060-0862597E3906}</UniqueIdentifier>
		</Filter>
		<Filter Include="addons\ofxGui">
			<UniqueIdentifier>{60779C05--EA5-6-4C-BD-A-A70-6BD07A15EFEB}</UniqueIdentifier>
		</Filter>
		<Filter Include="addons\ofxGui\src">
			<UniqueIdentifier>{E1BF91F0--756-8-48-F6-9-9CA-948F9C3DE821}</UniqueIdentifier>
		</Filter>
	</ItemGroup>
	<ItemGroup>
		<ClInclude Include="src\ofApp.h">
			<Filter>src</Filter>
		</ClInclude>
		<ClInclude Include="src\Core\GameManager.h">
			<Filter>src\Core</Filter>
		</ClInclude>
		<ClInclude Include="src\Engine\Core\Component.h">
			<Filter>src\Engine\Core</Filter>
		</ClInclude>
		<ClInclude Include="src\Engine\Core\GameObject.h">
			<Filter>src\Engine\Core</Filter>
		</ClInclude>
		<ClInclude Include="src\Engine\Core\InputSystem.h">
			<Filter>src\Engine\Core</Filter>
		</ClInclude>
		<ClInclude Include="src\Engine\Core\Transform.h">
			<Filter>src\Engine\Core</Filter>
		</ClInclude>
		<ClInclude Include="src\Engine\Octree\Octree.h">
			<Filter>src\Engine\Octree</Filter>
		</ClInclude>
		<ClInclude Include="src\Engine\Octree\Primitives.h">
			<Filter>src\Engine\Octree</Filter>
		</ClInclude>
		<ClInclude Include="src\Engine\Octree\Util.h">
			<Filter>src\Engine\Octree</Filter>
		</ClInclude>
		<ClInclude Include="src\Engine\Octree\box.h">
			<Filter>src\Engine\Octree</Filter>
		</ClInclude>
		<ClInclude Include="src\Engine\Octree\ofApp.h">
			<Filter>src\Engine\Octree</Filter>
		</ClInclude>
		<ClInclude Include="src\Engine\Octree\ray.h">
			<Filter>src\Engine\Octree</Filter>
		</ClInclude>
		<ClInclude Include="src\Engine\Octree\vector3.h">
			<Filter>src\Engine\Octree</Filter>
		</ClInclude>
		<ClInclude Include="src\Engine\Scenes\Scene.h">
			<Filter>src\Engine\Scenes</Filter>
		</ClInclude>
		<ClInclude Include="src\Engine\Scenes\SceneManager.h">
			<Filter>src\Engine\Scenes</Filter>
		</ClInclude>
		<ClInclude Include="src\Engine\UserInterface\Elements\Button.h">
			<Filter>src\Engine\UserInterface\Elements</Filter>
		</ClInclude>
		<ClInclude Include="src\Engine\UserInterface\Elements\Label.h">
			<Filter>src\Engine\UserInterface\Elements</Filter>
		</ClInclude>
		<ClInclude Include="src\Engine\UserInterface\Elements\UiElement.h">
			<Filter>src\Engine\UserInterface\Elements</Filter>
		</ClInclude>
		<ClInclude Include="src\Engine\UserInterface\UserInterface.h">
			<Filter>src\Engine\UserInterface</Filter>
		</ClInclude>
		<ClInclude Include="src\Entities\Entity.h">
			<Filter>src\Entities</Filter>
		</ClInclude>
		<ClInclude Include="src\Entities\Forces.h">
			<Filter>src\Entities</Filter>
		</ClInclude>
		<ClInclude Include="src\Player\Player.h">
			<Filter>src\Player</Filter>
		</ClInclude>
		<ClInclude Include="src\Scenes\GameplayScene.h">
			<Filter>src\Scenes</Filter>
		</ClInclude>
		<ClInclude Include="src\Scenes\MainMenuScene.h">
			<Filter>src\Scenes</Filter>
		</ClInclude>
		<ClInclude Include="src\UI\MainMenuUI.h">
			<Filter>src\UI</Filter>
		</ClInclude>
		<ClInclude Include="src\UI\PauseMenuUI.h">
			<Filter>src\UI</Filter>
		</ClInclude>
		<ClInclude Include="src\ofApp.h">
			<Filter>src</Filter>
		</ClInclude>
		<ClInclude Include="..\..\..\..\addons\ofxAssimpModelLoader\src\ofxAssimpAnimation.h">
			<Filter>addons\ofxAssimpModelLoader\src</Filter>
		</ClInclude>
		<ClInclude Include="..\..\..\..\addons\ofxAssimpModelLoader\src\ofxAssimpMeshHelper.h">
			<Filter>addons\ofxAssimpModelLoader\src</Filter>
		</ClInclude>
		<ClInclude Include="..\..\..\..\addons\ofxAssimpModelLoader\src\ofxAssimpModelLoader.h">
			<Filter>addons\ofxAssimpModelLoader\src</Filter>
		</ClInclude>
		<ClInclude Include="..\..\..\..\addons\ofxAssimpModelLoader\src\ofxAssimpTexture.h">
			<Filter>addons\ofxAssimpModelLoader\src</Filter>
		</ClInclude>
		<ClInclude Include="..\..\..\..\addons\ofxAssimpModelLoader\src\ofxAssimpUtils.h">
			<Filter>addons\ofxAssimpModelLoader\src</Filter>
		</ClInclude>
		<ClInclude Include="..\..\..\..\addons\ofxAssimpModelLoader\libs\assimp\include\assimp\aabb.h">
			<Filter>addons\ofxAssimpModelLoader\libs\assimp\include\assimp</Filter>
		</ClInclude>
		<ClInclude Include="..\..\..\..\addons\ofxAssimpModelLoader\libs\assimp\include\assimp\ai_assert.h">
			<Filter>addons\ofxAssimpModelLoader\libs\assimp\include\assimp</Filter>
		</ClInclude>
		<ClInclude Include="..\..\..\..\addons\ofxAssimpModelLoader\libs\assimp\include\assimp\anim.h">
			<Filter>addons\ofxAssimpModelLoader\libs\assimp\include\assimp</Filter>
		</ClInclude>
		<ClInclude Include="..\..\..\..\addons\ofxAssimpModelLoader\libs\assimp\include\assimp\Base64.hpp">
			<Filter>addons\ofxAssimpModelLoader\libs\assimp\include\assimp</Filter>
		</ClInclude>
		<ClInclude Include="..\..\..\..\addons\ofxAssimpModelLoader\libs\assimp\include\assimp\BaseImporter.h">
			<Filter>addons\ofxAssimpModelLoader\libs\assimp\include\assimp</Filter>
		</ClInclude>
		<ClInclude Include="..\..\..\..\addons\ofxAssimpModelLoader\libs\assimp\include\assimp\Bitmap.h">
			<Filter>addons\ofxAssimpModelLoader\libs\assimp\include\assimp</Filter>
		</ClInclude>
		<ClInclude Include="..\..\..\..\addons\ofxAssimpModelLoader\libs\assimp\include\assimp\BlobIOSystem.h">
			<Filter>addons\ofxAssimpModelLoader\libs\assimp\include\assimp</Filter>
		</ClInclude>
		<ClInclude Include="..\..\..\..\addons\ofxAssimpModelLoader\libs\assimp\include\assimp\ByteSwapper.h">
			<Filter>addons\ofxAssimpModelLoader\libs\assimp\include\assimp</Filter>
		</ClInclude>
		<ClInclude Include="..\..\..\..\addons\ofxAssimpModelLoader\libs\assimp\include\assimp\camera.h">
			<Filter>addons\ofxAssimpModelLoader\libs\assimp\include\assimp</Filter>
		</ClInclude>
		<ClInclude Include="..\..\..\..\addons\ofxAssimpModelLoader\libs\assimp\include\assimp\cexport.h">
			<Filter>addons\ofxAssimpModelLoader\libs\assimp\include\assimp</Filter>
		</ClInclude>
		<ClInclude Include="..\..\..\..\addons\ofxAssimpModelLoader\libs\assimp\include\assimp\cfileio.h">
			<Filter>addons\ofxAssimpModelLoader\libs\assimp\include\assimp</Filter>
		</ClInclude>
		<ClInclude Include="..\..\..\..\addons\ofxAssimpModelLoader\libs\assimp\include\assimp\cimport.h">
			<Filter>addons\ofxAssimpModelLoader\libs\assimp\include\assimp</Filter>
		</ClInclude>
		<ClInclude Include="..\..\..\..\addons\ofxAssimpModelLoader\libs\assimp\include\assimp\ColladaMetaData.h">
			<Filter>addons\ofxAssimpModelLoader\libs\assimp\include\assimp</Filter>
		</ClInclude>
		<ClInclude Include="..\..\..\..\addons\ofxAssimpModelLoader\libs\assimp\include\assimp\color4.h">
			<Filter>addons\ofxAssimpModelLoader\libs\assimp\include\assimp</Filter>
		</ClInclude>
		<ClInclude Include="..\..\..\..\addons\ofxAssimpModelLoader\libs\assimp\include\assimp\commonMetaData.h">
			<Filter>addons\ofxAssimpModelLoader\libs\assimp\include\assimp</Filter>
		</ClInclude>
		<ClInclude Include="..\..\..\..\addons\ofxAssimpModelLoader\libs\assimp\include\assimp\Compiler\poppack1.h">
			<Filter>addons\ofxAssimpModelLoader\libs\assimp\include\assimp\Compiler</Filter>
		</ClInclude>
		<ClInclude Include="..\..\..\..\addons\ofxAssimpModelLoader\libs\assimp\include\assimp\Compiler\pstdint.h">
			<Filter>addons\ofxAssimpModelLoader\libs\assimp\include\assimp\Compiler</Filter>
		</ClInclude>
		<ClInclude Include="..\..\..\..\addons\ofxAssimpModelLoader\libs\assimp\include\assimp\Compiler\pushpack1.h">
			<Filter>addons\ofxAssimpModelLoader\libs\assimp\include\assimp\Compiler</Filter>
		</ClInclude>
		<ClInclude Include="..\..\..\..\addons\ofxAssimpModelLoader\libs\assimp\include\assimp\config.h">
			<Filter>addons\ofxAssimpModelLoader\libs\assimp\include\assimp</Filter>
		</ClInclude>
		<ClInclude Include="..\..\..\..\addons\ofxAssimpModelLoader\libs\assimp\include\assimp\CreateAnimMesh.h">
			<Filter>addons\ofxAssimpModelLoader\libs\assimp\include\assimp</Filter>
		</ClInclude>
		<ClInclude Include="..\..\..\..\addons\ofxAssimpModelLoader\libs\assimp\include\assimp\DefaultIOStream.h">
			<Filter>addons\ofxAssimpModelLoader\libs\assimp\include\assimp</Filter>
		</ClInclude>
		<ClInclude Include="..\..\..\..\addons\ofxAssimpModelLoader\libs\assimp\include\assimp\DefaultIOSystem.h">
			<Filter>addons\ofxAssimpModelLoader\libs\assimp\include\assimp</Filter>
		</ClInclude>
		<ClInclude Include="..\..\..\..\addons\ofxAssimpModelLoader\libs\assimp\include\assimp\DefaultLogger.hpp">
			<Filter>addons\ofxAssimpModelLoader\libs\assimp\include\assimp</Filter>
		</ClInclude>
		<ClInclude Include="..\..\..\..\addons\ofxAssimpModelLoader\libs\assimp\include\assimp\defs.h">
			<Filter>addons\ofxAssimpModelLoader\libs\assimp\include\assimp</Filter>
		</ClInclude>
		<ClInclude Include="..\..\..\..\addons\ofxAssimpModelLoader\libs\assimp\include\assimp\Exceptional.h">
			<Filter>addons\ofxAssimpModelLoader\libs\assimp\include\assimp</Filter>
		</ClInclude>
		<ClInclude Include="..\..\..\..\addons\ofxAssimpModelLoader\libs\assimp\include\assimp\Exporter.hpp">
			<Filter>addons\ofxAssimpModelLoader\libs\assimp\include\assimp</Filter>
		</ClInclude>
		<ClInclude Include="..\..\..\..\addons\ofxAssimpModelLoader\libs\assimp\include\assimp\fast_atof.h">
			<Filter>addons\ofxAssimpModelLoader\libs\assimp\include\assimp</Filter>
		</ClInclude>
		<ClInclude Include="..\..\..\..\addons\ofxAssimpModelLoader\libs\assimp\include\assimp\GenericProperty.h">
			<Filter>addons\ofxAssimpModelLoader\libs\assimp\include\assimp</Filter>
		</ClInclude>
		<ClInclude Include="..\..\..\..\addons\ofxAssimpModelLoader\libs\assimp\include\assimp\GltfMaterial.h">
			<Filter>addons\ofxAssimpModelLoader\libs\assimp\include\assimp</Filter>
		</ClInclude>
		<ClInclude Include="..\..\..\..\addons\ofxAssimpModelLoader\libs\assimp\include\assimp\Hash.h">
			<Filter>addons\ofxAssimpModelLoader\libs\assimp\include\assimp</Filter>
		</ClInclude>
		<ClInclude Include="..\..\..\..\addons\ofxAssimpModelLoader\libs\assimp\include\assimp\Importer.hpp">
			<Filter>addons\ofxAssimpModelLoader\libs\assimp\include\assimp</Filter>
		</ClInclude>
		<ClInclude Include="..\..\..\..\addons\ofxAssimpModelLoader\libs\assimp\include\assimp\importerdesc.h">
			<Filter>addons\ofxAssimpModelLoader\libs\assimp\include\assimp</Filter>
		</ClInclude>
		<ClInclude Include="..\..\..\..\addons\ofxAssimpModelLoader\libs\assimp\include\assimp\IOStream.hpp">
			<Filter>addons\ofxAssimpModelLoader\libs\assimp\include\assimp</Filter>
		</ClInclude>
		<ClInclude Include="..\..\..\..\addons\ofxAssimpModelLoader\libs\assimp\include\assimp\IOStreamBuffer.h">
			<Filter>addons\ofxAssimpModelLoader\libs\assimp\include\assimp</Filter>
		</ClInclude>
		<ClInclude Include="..\..\..\..\addons\ofxAssimpModelLoader\libs\assimp\include\assimp\IOSystem.hpp">
			<Filter>addons\ofxAssimpModelLoader\libs\assimp\include\assimp</Filter>
		</ClInclude>
		<ClInclude Include="..\..\..\..\addons\ofxAssimpModelLoader\libs\assimp\include\assimp\light.h">
			<Filter>addons\ofxAssimpModelLoader\libs\assimp\include\assimp</Filter>
		</ClInclude>
		<ClInclude Include="..\..\..\..\addons\ofxAssimpModelLoader\libs\assimp\include\assimp\LineSplitter.h">
			<Filter>addons\ofxAssimpModelLoader\libs\assimp\include\assimp</Filter>
		</ClInclude>
		<ClInclude Include="..\..\..\..\addons\ofxAssimpModelLoader\libs\assimp\include\assimp\LogAux.h">
			<Filter>addons\ofxAssimpModelLoader\libs\assimp\include\assimp</Filter>
		</ClInclude>
		<ClInclude Include="..\..\..\..\addons\ofxAssimpModelLoader\libs\assimp\include\assimp\Logger.hpp">
			<Filter>addons\ofxAssimpModelLoader\libs\assimp\include\assimp</Filter>
		</ClInclude>
		<ClInclude Include="..\..\..\..\addons\ofxAssimpModelLoader\libs\assimp\include\assimp\LogStream.hpp">
			<Filter>addons\ofxAssimpModelLoader\libs\assimp\include\assimp</Filter>
		</ClInclude>
		<ClInclude Include="..\..\..\..\addons\ofxAssimpModelLoader\libs\assimp\include\assimp\material.h">
			<Filter>addons\ofxAssimpModelLoader\libs\assimp\include\assimp</Filter>
		</ClInclude>
		<ClInclude Include="..\..\..\..\addons\ofxAssimpModelLoader\libs\assimp\include\assimp\MathFunctions.h">
			<Filter>addons\ofxAssimpModelLoader\libs\assimp\include\assimp</Filter>
		</ClInclude>
		<ClInclude Include="..\..\..\..\addons\ofxAssimpModelLoader\libs\assimp\include\assimp\matrix3x3.h">
			<Filter>addons\ofxAssimpModelLoader\libs\assimp\include\assimp</Filter>
		</ClInclude>
		<ClInclude Include="..\..\..\..\addons\ofxAssimpModelLoader\libs\assimp\include\assimp\matrix4x4.h">
			<Filter>addons\ofxAssimpModelLoader\libs\assimp\include\assimp</Filter>
		</ClInclude>
		<ClInclude Include="..\..\..\..\addons\ofxAssimpModelLoader\libs\assimp\include\assimp\MemoryIOWrapper.h">
			<Filter>addons\ofxAssimpModelLoader\libs\assimp\include\assimp</Filter>
		</ClInclude>
		<ClInclude Include="..\..\..\..\addons\ofxAssimpModelLoader\libs\assimp\include\assimp\mesh.h">
			<Filter>addons\ofxAssimpModelLoader\libs\assimp\include\assimp</Filter>
		</ClInclude>
		<ClInclude Include="..\..\..\..\addons\ofxAssimpModelLoader\libs\assimp\include\assimp\metadata.h">
			<Filter>addons\ofxAssimpModelLoader\libs\assimp\include\assimp</Filter>
		</ClInclude>
		<ClInclude Include="..\..\..\..\addons\ofxAssimpModelLoader\libs\assimp\include\assimp\NullLogger.hpp">
			<Filter>addons\ofxAssimpModelLoader\libs\assimp\include\assimp</Filter>
		</ClInclude>
		<ClInclude Include="..\..\..\..\addons\ofxAssimpModelLoader\libs\assimp\include\assimp\ObjMaterial.h">
			<Filter>addons\ofxAssimpModelLoader\libs\assimp\include\assimp</Filter>
		</ClInclude>
		<ClInclude Include="..\..\..\..\addons\ofxAssimpModelLoader\libs\assimp\include\assimp\ParsingUtils.h">
			<Filter>addons\ofxAssimpModelLoader\libs\assimp\include\assimp</Filter>
		</ClInclude>
		<ClInclude Include="..\..\..\..\addons\ofxAssimpModelLoader\libs\assimp\include\assimp\pbrmaterial.h">
			<Filter>addons\ofxAssimpModelLoader\libs\assimp\include\assimp</Filter>
		</ClInclude>
		<ClInclude Include="..\..\..\..\addons\ofxAssimpModelLoader\libs\assimp\include\assimp\port\AndroidJNI\AndroidJNIIOSystem.h">
			<Filter>addons\ofxAssimpModelLoader\libs\assimp\include\assimp\port\AndroidJNI</Filter>
		</ClInclude>
		<ClInclude Include="..\..\..\..\addons\ofxAssimpModelLoader\libs\assimp\include\assimp\port\AndroidJNI\BundledAssetIOSystem.h">
			<Filter>addons\ofxAssimpModelLoader\libs\assimp\include\assimp\port\AndroidJNI</Filter>
		</ClInclude>
		<ClInclude Include="..\..\..\..\addons\ofxAssimpModelLoader\libs\assimp\include\assimp\postprocess.h">
			<Filter>addons\ofxAssimpModelLoader\libs\assimp\include\assimp</Filter>
		</ClInclude>
		<ClInclude Include="..\..\..\..\addons\ofxAssimpModelLoader\libs\assimp\include\assimp\Profiler.h">
			<Filter>addons\ofxAssimpModelLoader\libs\assimp\include\assimp</Filter>
		</ClInclude>
		<ClInclude Include="..\..\..\..\addons\ofxAssimpModelLoader\libs\assimp\include\assimp\ProgressHandler.hpp">
			<Filter>addons\ofxAssimpModelLoader\libs\assimp\include\assimp</Filter>
		</ClInclude>
		<ClInclude Include="..\..\..\..\addons\ofxAssimpModelLoader\libs\assimp\include\assimp\qnan.h">
			<Filter>addons\ofxAssimpModelLoader\libs\assimp\include\assimp</Filter>
		</ClInclude>
		<ClInclude Include="..\..\..\..\addons\ofxAssimpModelLoader\libs\assimp\include\assimp\quaternion.h">
			<Filter>addons\ofxAssimpModelLoader\libs\assimp\include\assimp</Filter>
		</ClInclude>
		<ClInclude Include="..\..\..\..\addons\ofxAssimpModelLoader\libs\assimp\include\assimp\RemoveComments.h">
			<Filter>addons\ofxAssimpModelLoader\libs\assimp\include\assimp</Filter>
		</ClInclude>
		<ClInclude Include="..\..\..\..\addons\ofxAssimpModelLoader\libs\assimp\include\assimp\scene.h">
			<Filter>addons\ofxAssimpModelLoader\libs\assimp\include\assimp</Filter>
		</ClInclude>
		<ClInclude Include="..\..\..\..\addons\ofxAssimpModelLoader\libs\assimp\include\assimp\SceneCombiner.h">
			<Filter>addons\ofxAssimpModelLoader\libs\assimp\include\assimp</Filter>
		</ClInclude>
		<ClInclude Include="..\..\..\..\addons\ofxAssimpModelLoader\libs\assimp\include\assimp\SGSpatialSort.h">
			<Filter>addons\ofxAssimpModelLoader\libs\assimp\include\assimp</Filter>
		</ClInclude>
		<ClInclude Include="..\..\..\..\addons\ofxAssimpModelLoader\libs\assimp\include\assimp\SkeletonMeshBuilder.h">
			<Filter>addons\ofxAssimpModelLoader\libs\assimp\include\assimp</Filter>
		</ClInclude>
		<ClInclude Include="..\..\..\..\addons\ofxAssimpModelLoader\libs\assimp\include\assimp\SmallVector.h">
			<Filter>addons\ofxAssimpModelLoader\libs\assimp\include\assimp</Filter>
		</ClInclude>
		<ClInclude Include="..\..\..\..\addons\ofxAssimpModelLoader\libs\assimp\include\assimp\SmoothingGroups.h">
			<Filter>addons\ofxAssimpModelLoader\libs\assimp\include\assimp</Filter>
		</ClInclude>
		<ClInclude Include="..\..\..\..\addons\ofxAssimpModelLoader\libs\assimp\include\assimp\SpatialSort.h">
			<Filter>addons\ofxAssimpModelLoader\libs\assimp\include\assimp</Filter>
		</ClInclude>
		<ClInclude Include="..\..\..\..\addons\ofxAssimpModelLoader\libs\assimp\include\assimp\StandardShapes.h">
			<Filter>addons\ofxAssimpModelLoader\libs\assimp\include\assimp</Filter>
		</ClInclude>
		<ClInclude Include="..\..\..\..\addons\ofxAssimpModelLoader\libs\assimp\include\assimp\StreamReader.h">
			<Filter>addons\ofxAssimpModelLoader\libs\assimp\include\assimp</Filter>
		</ClInclude>
		<ClInclude Include="..\..\..\..\addons\ofxAssimpModelLoader\libs\assimp\include\assimp\StreamWriter.h">
			<Filter>addons\ofxAssimpModelLoader\libs\assimp\include\assimp</Filter>
		</ClInclude>
		<ClInclude Include="..\..\..\..\addons\ofxAssimpModelLoader\libs\assimp\include\assimp\StringComparison.h">
			<Filter>addons\ofxAssimpModelLoader\libs\assimp\include\assimp</Filter>
		</ClInclude>
		<ClInclude Include="..\..\..\..\addons\ofxAssimpModelLoader\libs\assimp\include\assimp\StringUtils.h">
			<Filter>addons\ofxAssimpModelLoader\libs\assimp\include\assimp</Filter>
		</ClInclude>
		<ClInclude Include="..\..\..\..\addons\ofxAssimpModelLoader\libs\assimp\include\assimp\Subdivision.h">
			<Filter>addons\ofxAssimpModelLoader\libs\assimp\include\assimp</Filter>
		</ClInclude>
		<ClInclude Include="..\..\..\..\addons\ofxAssimpModelLoader\libs\assimp\include\assimp\texture.h">
			<Filter>addons\ofxAssimpModelLoader\libs\assimp\include\assimp</Filter>
		</ClInclude>
		<ClInclude Include="..\..\..\..\addons\ofxAssimpModelLoader\libs\assimp\include\assimp\TinyFormatter.h">
			<Filter>addons\ofxAssimpModelLoader\libs\assimp\include\assimp</Filter>
		</ClInclude>
		<ClInclude Include="..\..\..\..\addons\ofxAssimpModelLoader\libs\assimp\include\assimp\types.h">
			<Filter>addons\ofxAssimpModelLoader\libs\assimp\include\assimp</Filter>
		</ClInclude>
		<ClInclude Include="..\..\..\..\addons\ofxAssimpModelLoader\libs\assimp\include\assimp\vector2.h">
			<Filter>addons\ofxAssimpModelLoader\libs\assimp\include\assimp</Filter>
		</ClInclude>
		<ClInclude Include="..\..\..\..\addons\ofxAssimpModelLoader\libs\assimp\include\assimp\vector3.h">
			<Filter>addons\ofxAssimpModelLoader\libs\assimp\include\assimp</Filter>
		</ClInclude>
		<ClInclude Include="..\..\..\..\addons\ofxAssimpModelLoader\libs\assimp\include\assimp\version.h">
			<Filter>addons\ofxAssimpModelLoader\libs\assimp\include\assimp</Filter>
		</ClInclude>
		<ClInclude Include="..\..\..\..\addons\ofxAssimpModelLoader\libs\assimp\include\assimp\Vertex.h">
			<Filter>addons\ofxAssimpModelLoader\libs\assimp\include\assimp</Filter>
		</ClInclude>
		<ClInclude Include="..\..\..\..\addons\ofxAssimpModelLoader\libs\assimp\include\assimp\XmlParser.h">
			<Filter>addons\ofxAssimpModelLoader\libs\assimp\include\assimp</Filter>
		</ClInclude>
		<ClInclude Include="..\..\..\..\addons\ofxAssimpModelLoader\libs\assimp\include\assimp\XMLTools.h">
			<Filter>addons\ofxAssimpModelLoader\libs\assimp\include\assimp</Filter>
		</ClInclude>
		<ClInclude Include="..\..\..\..\addons\ofxAssimpModelLoader\libs\assimp\include\assimp\ZipArchiveIOSystem.h">
			<Filter>addons\ofxAssimpModelLoader\libs\assimp\include\assimp</Filter>
		</ClInclude>
		<ClInclude Include="..\..\..\..\addons\ofxGui\src\ofxBaseGui.h">
			<Filter>addons\ofxGui\src</Filter>
		</ClInclude>
		<ClInclude Include="..\..\..\..\addons\ofxGui\src\ofxButton.h">
			<Filter>addons\ofxGui\src</Filter>
		</ClInclude>
		<ClInclude Include="..\..\..\..\addons\ofxGui\src\ofxColorPicker.h">
			<Filter>addons\ofxGui\src</Filter>
		</ClInclude>
		<ClInclude Include="..\..\..\..\addons\ofxGui\src\ofxGui.h">
			<Filter>addons\ofxGui\src</Filter>
		</ClInclude>
		<ClInclude Include="..\..\..\..\addons\ofxGui\src\ofxGuiGroup.h">
			<Filter>addons\ofxGui\src</Filter>
		</ClInclude>
		<ClInclude Include="..\..\..\..\addons\ofxGui\src\ofxGuiUtils.h">
			<Filter>addons\ofxGui\src</Filter>
		</ClInclude>
		<ClInclude Include="..\..\..\..\addons\ofxGui\src\ofxInputField.h">
			<Filter>addons\ofxGui\src</Filter>
		</ClInclude>
		<ClInclude Include="..\..\..\..\addons\ofxGui\src\ofxLabel.h">
			<Filter>addons\ofxGui\src</Filter>
		</ClInclude>
		<ClInclude Include="..\..\..\..\addons\ofxGui\src\ofxPanel.h">
			<Filter>addons\ofxGui\src</Filter>
		</ClInclude>
		<ClInclude Include="..\..\..\..\addons\ofxGui\src\ofxSlider.h">
			<Filter>addons\ofxGui\src</Filter>
		</ClInclude>
		<ClInclude Include="..\..\..\..\addons\ofxGui\src\ofxSliderGroup.h">
			<Filter>addons\ofxGui\src</Filter>
		</ClInclude>
		<ClInclude Include="..\..\..\..\addons\ofxGui\src\ofxToggle.h">
			<Filter>addons\ofxGui\src</Filter>
		</ClInclude>
	</ItemGroup>
	<ItemGroup>
		<ResourceCompile Include="icon.rc" />
	</ItemGroup>
</Project>
